
Microsoft Visual Studio Solution File, Format Version 12.00
# Visual Studio Version 16
VisualStudioVersion = 16.0.34407.143
MinimumVisualStudioVersion = 10.0.40219.1
Project("{FAE04EC0-301F-11D3-BF4B-00C04F79EFBC}") = "WebApplication1", "WebApplication1\WebApplication1.csproj", "{EC5AECB8-B76A-43E5-BAB5-C1AB4354CB47}"
EndProject
Global
	GlobalSection(SolutionConfigurationPlatforms) = preSolution
		Debug|Any CPU = Debug|Any CPU
		Release|Any CPU = Release|Any CPU
	EndGlobalSection
	GlobalSection(ProjectConfigurationPlatforms) = postSolution
		{EC5AECB8-B76A-43E5-BAB5-C1AB4354CB47}.Debug|Any CPU.ActiveCfg = Debug|Any CPU
		{EC5AECB8-B76A-43E5-BAB5-C1AB4354CB47}.Debug|Any CPU.Build.0 = Debug|Any CPU
		{EC5AECB8-B76A-43E5-BAB5-C1AB4354CB47}.Release|Any CPU.ActiveCfg = Release|Any CPU
		{EC5AECB8-B76A-43E5-BAB5-C1AB4354CB47}.Release|Any CPU.Build.0 = Release|Any CPU
	EndGlobalSection
	GlobalSection(SolutionProperties) = preSolution
		HideSolutionNode = FALSE
	EndGlobalSection
	GlobalSection(ExtensibilityGlobals) = postSolution
		SolutionGuid = {B8C54B5C-33E6-46A7-BBF1-3FECD4F7F446}
	EndGlobalSection
EndGlobal
